
Microsoft Visual Studio Solution File, Format Version 12.00
# Visual Studio 14
VisualStudioVersion = 14.0.25420.1
MinimumVisualStudioVersion = 10.0.40219.1
Project("{FAE04EC0-301F-11D3-BF4B-00C04F79EFBC}") = "Codelab", "Codelab\Codelab.csproj", "{F4B99539-1620-46EF-8692-2E7B95CABE40}"
EndProject
Project("{FAE04EC0-301F-11D3-BF4B-00C04F79EFBC}") = "CodelabTests", "CodelabTests\CodelabTests.csproj", "{E892E3B3-898B-4B4A-A838-6B049CB32707}"
EndProject
Global
	GlobalSection(SolutionConfigurationPlatforms) = preSolution
		Debug|Any CPU = Debug|Any CPU
		Release|Any CPU = Release|Any CPU
	EndGlobalSection
	GlobalSection(ProjectConfigurationPlatforms) = postSolution
		{F4B99539-1620-46EF-8692-2E7B95CABE40}.Debug|Any CPU.ActiveCfg = Debug|Any CPU
		{F4B99539-1620-46EF-8692-2E7B95CABE40}.Debug|Any CPU.Build.0 = Debug|Any CPU
		{F4B99539-1620-46EF-8692-2E7B95CABE40}.Release|Any CPU.ActiveCfg = Release|Any CPU
		{F4B99539-1620-46EF-8692-2E7B95CABE40}.Release|Any CPU.Build.0 = Release|Any CPU
		{E892E3B3-898B-4B4A-A838-6B049CB32707}.Debug|Any CPU.ActiveCfg = Debug|Any CPU
		{E892E3B3-898B-4B4A-A838-6B049CB32707}.Debug|Any CPU.Build.0 = Debug|Any CPU
		{E892E3B3-898B-4B4A-A838-6B049CB32707}.Release|Any CPU.ActiveCfg = Release|Any CPU
		{E892E3B3-898B-4B4A-A838-6B049CB32707}.Release|Any CPU.Build.0 = Release|Any CPU
	EndGlobalSection
	GlobalSection(SolutionProperties) = preSolution
		HideSolutionNode = FALSE
	EndGlobalSection
EndGlobal
